lockfileVersion: '9.0'

settings:
  autoInstallPeers: true
  excludeLinksFromLockfile: false

importers:

  .:
    devDependencies:
      '@types/node':
        specifier: ^22.10.4
        version: 22.10.4

packages:

  '@types/node@22.10.4':
    resolution: {integrity: sha512-99l6wv4HEzBQhvaU/UGoeBoCK61SCROQaCCGyQSgX2tEQ3rKkNZ2S7CEWnS/4s1LV+8ODdK21UeyR1fHP2mXug==}

  undici-types@6.20.0:
    resolution: {integrity: sha512-Ny6QZ2Nju20vw1SRHe3d9jVu6gJ+4e3+MMpqu7pqE5HT6WsTSlce++GQmK5UXS8mzV8DSYHrQH+Xrf2jVcuKNg==}

snapshots:

  '@types/node@22.10.4':
    dependencies:
      undici-types: 6.20.0

  undici-types@6.20.0: {}
